{
  "requires": true,
  "lockfileVersion": 1,
  "dependencies": {
    "native-daterangepicker": {
      "version": "0.0.12",
      "resolved": "https://registry.npmjs.org/native-daterangepicker/-/native-daterangepicker-0.0.12.tgz",
      "integrity": "sha512-0LavVQ6eAIjTNSegCRQnybfv+Pb7WZV/cf67AmJAJ988kXc4id3xxqjbLvYXqGQ7IzQGwfwVy8SJufqduTd3vQ=="
    }
  }
}
